
Microsoft Visual Studio Solution File, Format Version 12.00
# Visual Studio Version 16
VisualStudioVersion = 16.0.30907.101
MinimumVisualStudioVersion = 10.0.40219.1
Project("{FAE04EC0-301F-11D3-BF4B-00C04F79EFBC}") = "WeatherController", "WeatherController\WeatherController.csproj", "{CD822B03-9199-4A1D-8A58-469D6012CFA4}"
EndProject
Global
	GlobalSection(SolutionConfigurationPlatforms) = preSolution
		Debug|Any CPU = Debug|Any CPU
		Release|Any CPU = Release|Any CPU
	EndGlobalSection
	GlobalSection(ProjectConfigurationPlatforms) = postSolution
		{CD822B03-9199-4A1D-8A58-469D6012CFA4}.Debug|Any CPU.ActiveCfg = Debug|Any CPU
		{CD822B03-9199-4A1D-8A58-469D6012CFA4}.Debug|Any CPU.Build.0 = Debug|Any CPU
		{CD822B03-9199-4A1D-8A58-469D6012CFA4}.Release|Any CPU.ActiveCfg = Release|Any CPU
		{CD822B03-9199-4A1D-8A58-469D6012CFA4}.Release|Any CPU.Build.0 = Release|Any CPU
	EndGlobalSection
	GlobalSection(SolutionProperties) = preSolution
		HideSolutionNode = FALSE
	EndGlobalSection
	GlobalSection(ExtensibilityGlobals) = postSolution
		SolutionGuid = {91562875-8F49-4832-A9C7-1EAA72303E87}
	EndGlobalSection
EndGlobal
